
Microsoft Visual Studio Solution File, Format Version 12.00
# Visual Studio Version 17
VisualStudioVersion = 17.10.34928.147
MinimumVisualStudioVersion = 10.0.40219.1
Project("{FAE04EC0-301F-11D3-BF4B-00C04F79EFBC}") = "LabWinformApp", "LabWinformApp.csproj", "{1D5DB65F-60BA-4421-808F-D842E8098BA9}"
EndProject
Global
	GlobalSection(SolutionConfigurationPlatforms) = preSolution
		Debug|Any CPU = Debug|Any CPU
		Release|Any CPU = Release|Any CPU
	EndGlobalSection
	GlobalSection(ProjectConfigurationPlatforms) = postSolution
		{1D5DB65F-60BA-4421-808F-D842E8098BA9}.Debug|Any CPU.ActiveCfg = Debug|Any CPU
		{1D5DB65F-60BA-4421-808F-D842E8098BA9}.Debug|Any CPU.Build.0 = Debug|Any CPU
		{1D5DB65F-60BA-4421-808F-D842E8098BA9}.Release|Any CPU.ActiveCfg = Release|Any CPU
		{1D5DB65F-60BA-4421-808F-D842E8098BA9}.Release|Any CPU.Build.0 = Release|Any CPU
	EndGlobalSection
	GlobalSection(SolutionProperties) = preSolution
		HideSolutionNode = FALSE
	EndGlobalSection
	GlobalSection(ExtensibilityGlobals) = postSolution
		SolutionGuid = {8A70602A-364E-47E1-BE64-579198F8AE9A}
	EndGlobalSection
EndGlobal
